schema: '2.0'
stages:
  data_ingestion:
    cmd: python src/cnnClassifier/pipeline/stage_01_data_ingestion.py
    deps:
    - path: config/config.yaml
      hash: md5
      md5: 631c9c2c961e463f22b3336a2831c5dc
      size: 589
    - path: src/cnnClassifier/pipeline/stage_01_data_ingestion.py
      hash: md5
      md5: 159395f3cf4654d9b0e1a4ff2c368108
      size: 861
    outs:
    - path: artifacts/data_ingestion
      hash: md5
      md5: 8922c729c555ab0281f4c71291a0cf15.dir
      size: 125830206
      nfiles: 501
  prepare_base_model:
    cmd: python src/cnnClassifier/pipeline/stage_02_prepare_base_model.py
    deps:
    - path: config/config.yaml
      hash: md5
      md5: 631c9c2c961e463f22b3336a2831c5dc
      size: 589
    - path: src/cnnClassifier/pipeline/stage_02_prepare_base_model.py
      hash: md5
      md5: 42ffd32b5d262bc55a64b4befdabfb29
      size: 907
    params:
      params.yaml:
        CLASSES: 2
        IMAGE_SIZE:
        - 224
        - 224
        - 3
        INCLUDE_TOP: false
        LEARNING_RATE: 0.01
        WEIGHTS: imagenet
    outs:
    - path: artifacts/prepare_base_model
      hash: md5
      md5: a45678354c1011e59a4c75dd38aec418.dir
      size: 130727945
      nfiles: 2
  training:
    cmd: python src/cnnClassifier/pipeline/stage_03_training.py
    deps:
    - path: artifacts/data_ingestion
      hash: md5
      md5: 8922c729c555ab0281f4c71291a0cf15.dir
      size: 125830206
      nfiles: 501
    - path: artifacts/prepare_base_model
      hash: md5
      md5: a45678354c1011e59a4c75dd38aec418.dir
      size: 130727945
      nfiles: 2
    - path: config/config.yaml
      hash: md5
      md5: 631c9c2c961e463f22b3336a2831c5dc
      size: 589
    - path: src/cnnClassifier/pipeline/stage_03_training.py
      hash: md5
      md5: c5f942fbbd08d09bbf928bb69f510b27
      size: 1690
    params:
      params.yaml:
        AUGMENTATION: true
        BATCH_SIZE: 16
        EPOCHS: 1
        IMAGE_SIZE:
        - 224
        - 224
        - 3
    outs:
    - path: artifacts/training/model.keras
      hash: md5
      md5: 4afdbf734d20eecb1ebcb8d164191ac6
      size: 97491548
  evaluation:
    cmd: python src/cnnClassifier/pipeline/stage_04_model_evaluation.py
    deps:
    - path: artifacts/data_ingestion
      hash: md5
      md5: 8922c729c555ab0281f4c71291a0cf15.dir
      size: 125830206
      nfiles: 501
    - path: artifacts/training/model.keras
      hash: md5
      md5: 4afdbf734d20eecb1ebcb8d164191ac6
      size: 97491548
    - path: config/config.yaml
      hash: md5
      md5: 631c9c2c961e463f22b3336a2831c5dc
      size: 589
    - path: src/cnnClassifier/pipeline/stage_04_model_evaluation.py
      hash: md5
      md5: 7af9fa2a0be2913f45ffe1af78387867
      size: 1162
    params:
      params.yaml:
        BATCH_SIZE: 16
        IMAGE_SIZE:
        - 224
        - 224
        - 3
    outs:
    - path: scores.json
      hash: md5
      md5: 3f3e097efe324e76d43cf5e34c4dccd5
      size: 74
